# This file is autogenerated, do not edit; changes may be undone by the next 'dep ensure'.


[[projects]]
  branch = "master"
  digest = "1:5cd929f500a32f7829e206b4399fade53f24fd2784f30795d5badbd866e836d4"
  name = "github.com/algorand/go-codec"
  packages = ["codec"]
  pruneopts = "UT"
  revision = "17f33432a5ced1ee33bc91bb7757f0444f095c96"
  source = "github.com/algorand/go-codec.git"

[[projects]]
  branch = "master"
  digest = "1:6459c013171857b0e382f394218c5c7a564bce0377cb4e27f3c8c488b17a1c68"
  name = "github.com/algorand/go-deadlock"
  packages = ["."]
  pruneopts = "UT"
  revision = "78d8cb5e2759c49940d879dd1b171a0f54ea1f5e"
  source = "github.com/algorand/go-deadlock.git"

[[projects]]
  branch = "master"
  digest = "1:7848da889dc49d132f301f0321d9860ac3960e13a2c54ebb3ef09b5337b44377"
  name = "github.com/algorand/websocket"
  packages = ["."]
  pruneopts = "UT"
  revision = "a1555fd643b68f3852a5d81ca4483ed5fd25deaf"

[[projects]]
  digest = "1:f84c885bd17de475b92997e6e9972465e3c533894dd82223c0f62eda8852cc83"
  name = "github.com/aws/aws-sdk-go"
  packages = [
    "aws",
    "aws/awserr",
    "aws/awsutil",
    "aws/client",
    "aws/client/metadata",
    "aws/corehandlers",
    "aws/credentials",
    "aws/credentials/ec2rolecreds",
    "aws/credentials/endpointcreds",
    "aws/credentials/processcreds",
    "aws/credentials/stscreds",
    "aws/csm",
    "aws/defaults",
    "aws/ec2metadata",
    "aws/endpoints",
    "aws/request",
    "aws/session",
    "aws/signer/v4",
    "internal/ini",
    "internal/s3err",
    "internal/sdkio",
    "internal/sdkrand",
    "internal/sdkuri",
    "internal/shareddefaults",
    "private/protocol",
    "private/protocol/eventstream",
    "private/protocol/eventstream/eventstreamapi",
    "private/protocol/query",
    "private/protocol/query/queryutil",
    "private/protocol/rest",
    "private/protocol/restxml",
    "private/protocol/xml/xmlutil",
    "service/s3",
    "service/s3/s3iface",
    "service/s3/s3manager",
    "service/sts",
  ]
  pruneopts = "UT"
  revision = "056aa960bc0fb3918d8b2101e2a9c92675327ea3"
  version = "v1.16.5"

[[projects]]
  digest = "1:7cb4fdca4c251b3ef8027c90ea35f70c7b661a593b9eeae34753c65499098bb1"
  name = "github.com/cpuguy83/go-md2man"
  packages = ["md2man"]
  pruneopts = "UT"
  revision = "20f5889cbdc3c73dbd2862796665e7c465ade7d1"
  version = "v1.0.8"

[[projects]]
  digest = "1:ffe9824d294da03b391f44e1ae8281281b4afc1bdaa9588c9097785e3af10cec"
  name = "github.com/davecgh/go-spew"
  packages = ["spew"]
  pruneopts = "UT"
  revision = "8991bc29aa16c548c550c7ff78260e27b9ab7c73"
  version = "v1.1.1"

[[projects]]
  branch = "master"
  digest = "1:3aa26d849e58eea4e8b22d57109c3f64f207932ff115c5aa3d8a44752f288278"
  name = "github.com/davidlazar/go-crypto"
  packages = ["drbg"]
  pruneopts = "UT"
  revision = "dcfb0a7ac018a248366f96bcd8a2f8c805d7b268"

[[projects]]
  digest = "1:1e9a0ec4f7e852123fefad9aadd7647eed1e9fd3716118e99a4b3dc463705c82"
  name = "github.com/dchest/siphash"
  packages = ["."]
  pruneopts = "UT"
  revision = "34f201214d993633bb24f418ba11736ab8b55aa7"
  version = "v1.2.1"

[[projects]]
  digest = "1:865079840386857c809b72ce300be7580cb50d3d3129ce11bf9aa6ca2bc1934a"
  name = "github.com/fatih/color"
  packages = ["."]
  pruneopts = "UT"
  revision = "5b77d2a35fb0ede96d138fc9a99f5c9b6aef11b4"
  version = "v1.7.0"

[[projects]]
  branch = "master"
  digest = "1:62cb8d96ecc9f9c30f2e4746e4107f498bcbcfb130037c1cc5564408d516b521"
  name = "github.com/gen2brain/beeep"
  packages = ["."]
  pruneopts = "UT"
  revision = "4e430518395f1fa4d699f30e8d9420218dd311cd"

[[projects]]
  digest = "1:b3d20bcdedab2050e6bc58e52f4fdc46f710b4c74e1a1ecee262ebec1aee7b6e"
  name = "github.com/godbus/dbus"
  packages = ["."]
  pruneopts = "UT"
  revision = "2ff6f7ffd60f0f2410b3105864bdd12c7894f844"
  version = "v5.0.1"

[[projects]]
  digest = "1:70f34ee6d1b188cbd2dfcde62b0e2c600262eb5a03c8a3f3435ecf7c74790470"
  name = "github.com/gofrs/flock"
  packages = ["."]
  pruneopts = "UT"
  revision = "7f43ea2e6a643ad441fc12d0ecc0d3388b300c53"
  version = "v0.7.0"

[[projects]]
  digest = "1:a63cff6b5d8b95638bfe300385d93b2a6d9d687734b863da8e09dc834510a690"
  name = "github.com/google/go-querystring"
  packages = ["query"]
  pruneopts = "UT"
  revision = "44c6ddd0a2342c386950e880b658017258da92fc"
  version = "v1.0.0"

[[projects]]
  branch = "master"
  digest = "1:f14d1b50e0075fb00177f12a96dd7addf93d1e2883c25befd17285b779549795"
  name = "github.com/gopherjs/gopherjs"
  packages = ["js"]
  pruneopts = "UT"
  revision = "d547d1d9531ed93dbdebcbff7f83e7c876a1e0ee"

[[projects]]
  digest = "1:0b226f71747698cd3b03156781c849c3df46e229eef5c3682e182558cf34e8f0"
  name = "github.com/gopherjs/gopherwasm"
  packages = ["js"]
  pruneopts = "UT"
  revision = "b0e1786f520333e4546f02930c5ca8a929b38841"
  version = "v1.0.1"

[[projects]]
  digest = "1:c79fb010be38a59d657c48c6ba1d003a8aa651fa56b579d959d74573b7dff8e1"
  name = "github.com/gorilla/context"
  packages = ["."]
  pruneopts = "UT"
  revision = "08b5f424b9271eedf6f9f0ce86cb9396ed337a42"
  version = "v1.1.1"

[[projects]]
  digest = "1:e73f5b0152105f18bc131fba127d9949305c8693f8a762588a82a48f61756f5f"
  name = "github.com/gorilla/mux"
  packages = ["."]
  pruneopts = "UT"
  revision = "e3702bed27f0d39777b0b37b664b6280e8ef8fbf"
  version = "v1.6.2"

[[projects]]
  digest = "1:f7463b67871bf7fe475e2c69fb0d21ead07de5188b8d7f8abf8fc961965ed841"
  name = "github.com/gorilla/schema"
  packages = ["."]
  pruneopts = "UT"
  revision = "d0e4c24cff97ae983e9847e0ed5a02dc10013d41"
  version = "v1.0.2"

[[projects]]
  digest = "1:870d441fe217b8e689d7949fef6e43efbc787e50f200cb1e70dbca9204a1d6be"
  name = "github.com/inconshreveable/mousetrap"
  packages = ["."]
  pruneopts = "UT"
  revision = "76626ae9c91c4f2a10f34cad8ce83ea42c93bb75"
  version = "v1.0"

[[projects]]
  digest = "1:bb81097a5b62634f3e9fec1014657855610c82d19b9a40c17612e32651e35dca"
  name = "github.com/jmespath/go-jmespath"
  packages = ["."]
  pruneopts = "UT"
  revision = "c2b33e84"

[[projects]]
  digest = "1:6c41d4f998a03b6604227ccad36edaed6126c397e5d78709ef4814a1145a6757"
  name = "github.com/jmoiron/sqlx"
  packages = [
    ".",
    "reflectx",
  ]
  pruneopts = "UT"
  revision = "d161d7a76b5661016ad0b085869f77fd410f3e6a"
  version = "v1.2.0"

[[projects]]
  branch = "master"
  digest = "1:447562773a19dc1719359c2cd70d275c62c0b89f79d763f41d5deedb0e69873f"
  name = "github.com/karalabe/hid"
  packages = ["."]
  pruneopts = "T"
  revision = "d815e0c1a2e2082a287a2806bc90bc8fc7b276a9"

[[projects]]
  branch = "master"
  digest = "1:aa3d8d42865c42626b5c1add193692d045b3188b1479f0a0a88690d21fe20083"
  name = "github.com/mailru/easyjson"
  packages = [
    ".",
    "buffer",
    "jlexer",
    "jwriter",
  ]
  pruneopts = "UT"
  revision = "60711f1a8329503b04e1c88535f419d0bb440bff"

[[projects]]
  digest = "1:c658e84ad3916da105a761660dcaeb01e63416c8ec7bc62256a9b411a05fcd67"
  name = "github.com/mattn/go-colorable"
  packages = ["."]
  pruneopts = "UT"
  revision = "167de6bfdfba052fa6b2d3664c8f5272e23c9072"
  version = "v0.0.9"

[[projects]]
  digest = "1:0981502f9816113c9c8c4ac301583841855c8cf4da8c72f696b3ebedf6d0e4e5"
  name = "github.com/mattn/go-isatty"
  packages = ["."]
  pruneopts = "UT"
  revision = "6ca4dbf54d38eea1a992b3c722a76a5d1c4cb25c"
  version = "v0.0.4"

[[projects]]
  digest = "1:4a49346ca45376a2bba679ca0e83bec949d780d4e927931317904bad482943ec"
  name = "github.com/mattn/go-sqlite3"
  packages = ["."]
  pruneopts = "UT"
  revision = "c7c4067b79cc51e6dfdcef5c702e74b1e0fa7c75"
  version = "v1.10.0"

[[projects]]
  branch = "master"
  digest = "1:0e1e5f960c58fdc677212fcc70e55042a0084d367623e51afbdb568963832f5d"
  name = "github.com/nu7hatch/gouuid"
  packages = ["."]
  pruneopts = "UT"
  revision = "179d4d0c4d8d407a32af483c2354df1d2c91e6c3"

[[projects]]
  digest = "1:995fe8c9729e94587361e836896824337bbceab8030f698a40552b1a63bf2c59"
  name = "github.com/olivere/elastic"
  packages = [
    ".",
    "config",
    "uritemplates",
  ]
  pruneopts = "UT"
  revision = "1619150b007041b6dba8aa447f0e2d151cc2b4c5"
  version = "v6.2.14"

[[projects]]
  branch = "master"
  digest = "1:64b5f903788b2f79536f1c4d8d8ac0dc0dae857eb0711bbbb8918e5673613439"
  name = "github.com/petermattis/goid"
  packages = ["."]
  pruneopts = "UT"
  revision = "b0b1615b78e5ee59739545bb38426383b2cda4c9"

[[projects]]
  digest = "1:40e195917a951a8bf867cd05de2a46aaf1806c50cf92eebf4c16f78cd196f747"
  name = "github.com/pkg/errors"
  packages = ["."]
  pruneopts = "UT"
  revision = "645ef00459ed84a119197bfb8d8205042c6df63d"
  version = "v0.8.0"

[[projects]]
  digest = "1:0028cb19b2e4c3112225cd871870f2d9cf49b9b4276531f03438a88e94be86fe"
  name = "github.com/pmezard/go-difflib"
  packages = ["difflib"]
  pruneopts = "UT"
  revision = "792786c7400a136282c1664665ae0a8db921c6c2"
  version = "v1.0.0"

[[projects]]
  digest = "1:b36a0ede02c4c2aef7df7f91cbbb7bb88a98b5d253509d4f997dda526e50c88c"
  name = "github.com/russross/blackfriday"
  packages = ["."]
  pruneopts = "UT"
  revision = "05f3235734ad95d0016f6a23902f06461fcf567a"
  version = "v1.5.2"

[[projects]]
  digest = "1:274f67cb6fed9588ea2521ecdac05a6d62a8c51c074c1fccc6a49a40ba80e925"
  name = "github.com/satori/go.uuid"
  packages = ["."]
  pruneopts = "UT"
  revision = "f58768cc1a7a7e77a3bd49e98cdd21419399b6a3"
  version = "v1.2.0"

[[projects]]
  digest = "1:9e9193aa51197513b3abcb108970d831fbcf40ef96aa845c4f03276e1fa316d2"
  name = "github.com/sirupsen/logrus"
  packages = ["."]
  pruneopts = "UT"
  revision = "c155da19408a8799da419ed3eeb0cb5db0ad5dbc"

[[projects]]
  digest = "1:e01b05ba901239c783dfe56450bcde607fc858908529868259c9a8765dc176d0"
  name = "github.com/spf13/cobra"
  packages = [
    ".",
    "doc",
  ]
  pruneopts = "UT"
  revision = "ef82de70bb3f60c65fb8eebacbb2d122ef517385"
  version = "v0.0.3"

[[projects]]
  digest = "1:c1b1102241e7f645bc8e0c22ae352e8f0dc6484b6cb4d132fa9f24174e0119e2"
  name = "github.com/spf13/pflag"
  packages = ["."]
  pruneopts = "UT"
  revision = "298182f68c66c05229eb03ac171abe6e309ee79a"
  version = "v1.0.3"

[[projects]]
  digest = "1:5110e3d4f130772fd39e6ce8208ad1955b242ccfcc8ad9d158857250579c82f4"
  name = "github.com/stretchr/testify"
  packages = [
    "assert",
    "require",
    "suite",
  ]
  pruneopts = "UT"
  revision = "f35b8ab0b5a2cef36673838d662e249dd9c94686"
  version = "v1.2.2"

[[projects]]
  branch = "master"
  digest = "1:99e0ee3b377f92478180b386dc77e0262fa6761a49b96fb00a302a4841c85149"
  name = "golang.org/x/crypto"
  packages = [
    "acme",
    "acme/autocert",
    "hkdf",
    "internal/subtle",
    "nacl/secretbox",
    "pbkdf2",
    "poly1305",
    "salsa20/salsa",
    "scrypt",
    "ssh/terminal",
  ]
  pruneopts = "UT"
  revision = "505ab145d0a99da450461ae2c1a9f6cd10d1f447"

[[projects]]
  branch = "master"
  digest = "1:cdc5b9609cc79914c06599e54de510eddd6e58bb69e555f19f2013fb38b859b1"
  name = "golang.org/x/net"
  packages = ["netutil"]
  pruneopts = "UT"
  revision = "16b79f2e4e95ea23b2bf9903c9809ff7b013ce85"

[[projects]]
  branch = "master"
  digest = "1:858be0d8876c26607117088ab36dce4febfb5f4bfbaa5e02e40feae4cb0d8066"
  name = "golang.org/x/sys"
  packages = [
    "unix",
    "windows",
    "windows/registry",
  ]
  pruneopts = "UT"
  revision = "4d1cda033e0619309c606fc686de3adcf599539e"

[[projects]]
  branch = "v3"
  digest = "1:f7b0a3cd877b08af06234d09ff91c644b8db5a6d44c89f9cd83c8f24b7a4a543"
  name = "gopkg.in/sohlich/elogrus.v3"
  packages = ["."]
  pruneopts = "UT"
  revision = "1fa29e2f2009c129693c7079e5f6361bfbd34080"

[[projects]]
  branch = "v1"
  digest = "1:b71ccd8615521db4ea2f9381f55780a1312654f5d8431d2e58eca51c74110de2"
  name = "gopkg.in/toast.v1"
  packages = ["."]
  pruneopts = "UT"
  revision = "0a84660828b24d25b35525c9a1f1f51267f8da91"

[[projects]]
  digest = "1:4d2e5a73dc1500038e504a8d78b986630e3626dc027bc030ba5c75da257cdb96"
  name = "gopkg.in/yaml.v2"
  packages = ["."]
  pruneopts = "UT"
  revision = "51d6538a90f86fe93ac480b35f37b2be17fef232"
  version = "v2.2.2"

[solve-meta]
  analyzer-name = "dep"
  analyzer-version = 1
  input-imports = [
    "github.com/algorand/go-codec/codec",
    "github.com/algorand/go-deadlock",
    "github.com/algorand/websocket",
    "github.com/aws/aws-sdk-go/aws",
    "github.com/aws/aws-sdk-go/aws/awserr",
    "github.com/aws/aws-sdk-go/aws/credentials",
    "github.com/aws/aws-sdk-go/aws/session",
    "github.com/aws/aws-sdk-go/service/s3",
    "github.com/aws/aws-sdk-go/service/s3/s3manager",
    "github.com/davidlazar/go-crypto/drbg",
    "github.com/dchest/siphash",
    "github.com/fatih/color",
    "github.com/gen2brain/beeep",
    "github.com/gofrs/flock",
    "github.com/google/go-querystring/query",
    "github.com/gorilla/mux",
    "github.com/gorilla/schema",
    "github.com/jmoiron/sqlx",
    "github.com/karalabe/hid",
    "github.com/mattn/go-sqlite3",
    "github.com/olivere/elastic",
    "github.com/satori/go.uuid",
    "github.com/sirupsen/logrus",
    "github.com/spf13/cobra",
    "github.com/spf13/cobra/doc",
    "github.com/stretchr/testify/assert",
    "github.com/stretchr/testify/require",
    "github.com/stretchr/testify/suite",
    "golang.org/x/crypto/acme/autocert",
    "golang.org/x/crypto/hkdf",
    "golang.org/x/crypto/nacl/secretbox",
    "golang.org/x/crypto/scrypt",
    "golang.org/x/crypto/ssh/terminal",
    "golang.org/x/net/netutil",
    "golang.org/x/sys/unix",
    "gopkg.in/sohlich/elogrus.v3",
  ]
  solver-name = "gps-cdcl"
  solver-version = 1
